// !$*UTF8*$!
{
	archiveVersion = 1;
	classes = {
	};
	objectVersion = 56;
	objects = {

/* Begin PBXBuildFile section */
		350A08C02A06580600C55723 /* AppDelegate.swift in Sources */ = {isa = PBXBuildFile; fileRef = 350A08BF2A06580600C55723 /* AppDelegate.swift */; };
		350A08C22A06580600C55723 /* SceneDelegate.swift in Sources */ = {isa = PBXBuildFile; fileRef = 350A08C12A06580600C55723 /* SceneDelegate.swift */; };
		350A08C42A06580600C55723 /* MainViewController.swift in Sources */ = {isa = PBXBuildFile; fileRef = 350A08C32A06580600C55723 /* MainViewController.swift */; };
		350A08C72A06580600C55723 /* Main.storyboard in Resources */ = {isa = PBXBuildFile; fileRef = 350A08C52A06580600C55723 /* Main.storyboard */; };
		350A08C92A06580800C55723 /* Assets.xcassets in Resources */ = {isa = PBXBuildFile; fileRef = 350A08C82A06580800C55723 /* Assets.xcassets */; };
		350A08CC2A06580800C55723 /* LaunchScreen.storyboard in Resources */ = {isa = PBXBuildFile; fileRef = 350A08CA2A06580800C55723 /* LaunchScreen.storyboard */; };
		350A08D72A06586600C55723 /* Character.swift in Sources */ = {isa = PBXBuildFile; fileRef = 350A08D62A06586600C55723 /* Character.swift */; };
		356FF2722A102D99007B5674 /* Alamofire in Frameworks */ = {isa = PBXBuildFile; productRef = 356FF2712A102D99007B5674 /* Alamofire */; };
		35B0D1452A0B8DCB000CFAC5 /* CharacterInfoCell.swift in Sources */ = {isa = PBXBuildFile; fileRef = 35B0D1442A0B8DCB000CFAC5 /* CharacterInfoCell.swift */; };
		35B0D1482A0B902D000CFAC5 /* AllCharactersTableViewController.swift in Sources */ = {isa = PBXBuildFile; fileRef = 35B0D1472A0B902D000CFAC5 /* AllCharactersTableViewController.swift */; };
		35B0D14A2A0BA6F5000CFAC5 /* NetworkManager.swift in Sources */ = {isa = PBXBuildFile; fileRef = 35B0D1492A0BA6F5000CFAC5 /* NetworkManager.swift */; };
/* End PBXBuildFile section */

/* Begin PBXFileReference section */
		350A08BC2A06580600C55723 /* HarryPotter-JSON.app */ = {isa = PBXFileReference; explicitFileType = wrapper.application; includeInIndex = 0; path = "HarryPotter-JSON.app"; sourceTree = BUILT_PRODUCTS_DIR; };
		350A08BF2A06580600C55723 /* AppDelegate.swift */ = {isa = PBXFileReference; lastKnownFileType = sourcecode.swift; path = AppDelegate.swift; sourceTree = "<group>"; };
		350A08C12A06580600C55723 /* SceneDelegate.swift */ = {isa = PBXFileReference; lastKnownFileType = sourcecode.swift; path = SceneDelegate.swift; sourceTree = "<group>"; };
		350A08C32A06580600C55723 /* MainViewController.swift */ = {isa = PBXFileReference; lastKnownFileType = sourcecode.swift; path = MainViewController.swift; sourceTree = "<group>"; };
		350A08C62A06580600C55723 /* Base */ = {isa = PBXFileReference; lastKnownFileType = file.storyboard; name = Base; path = Base.lproj/Main.storyboard; sourceTree = "<group>"; };
		350A08C82A06580800C55723 /* Assets.xcassets */ = {isa = PBXFileReference; lastKnownFileType = folder.assetcatalog; path = Assets.xcassets; sourceTree = "<group>"; };
		350A08CB2A06580800C55723 /* Base */ = {isa = PBXFileReference; lastKnownFileType = file.storyboard; name = Base; path = Base.lproj/LaunchScreen.storyboard; sourceTree = "<group>"; };
		350A08CD2A06580800C55723 /* Info.plist */ = {isa = PBXFileReference; lastKnownFileType = text.plist.xml; path = Info.plist; sourceTree = "<group>"; };
		350A08D62A06586600C55723 /* Character.swift */ = {isa = PBXFileReference; lastKnownFileType = sourcecode.swift; path = Character.swift; sourceTree = "<group>"; };
		35B0D1442A0B8DCB000CFAC5 /* CharacterInfoCell.swift */ = {isa = PBXFileReference; lastKnownFileType = sourcecode.swift; path = CharacterInfoCell.swift; sourceTree = "<group>"; };
		35B0D1472A0B902D000CFAC5 /* AllCharactersTableViewController.swift */ = {isa = PBXFileReference; lastKnownFileType = sourcecode.swift; path = AllCharactersTableViewController.swift; sourceTree = "<group>"; };
		35B0D1492A0BA6F5000CFAC5 /* NetworkManager.swift */ = {isa = PBXFileReference; lastKnownFileType = sourcecode.swift; path = NetworkManager.swift; sourceTree = "<group>"; };
/* End PBXFileReference section */

/* Begin PBXFrameworksBuildPhase section */
		350A08B92A06580600C55723 /* Frameworks */ = {
			isa = PBXFrameworksBuildPhase;
			buildActionMask = 2147483647;
			files = (
				356FF2722A102D99007B5674 /* Alamofire in Frameworks */,
			);
			runOnlyForDeploymentPostprocessing = 0;
		};
/* End PBXFrameworksBuildPhase section */

/* Begin PBXGroup section */
		350A08B32A06580500C55723 = {
			isa = PBXGroup;
			children = (
				350A08BE2A06580600C55723 /* HarryPotter-JSON */,
				350A08BD2A06580600C55723 /* Products */,
			);
			sourceTree = "<group>";
		};
		350A08BD2A06580600C55723 /* Products */ = {
			isa = PBXGroup;
			children = (
				350A08BC2A06580600C55723 /* HarryPotter-JSON.app */,
			);
			name = Products;
			sourceTree = "<group>";
		};
		350A08BE2A06580600C55723 /* HarryPotter-JSON */ = {
			isa = PBXGroup;
			children = (
				350A08D32A06583100C55723 /* App */,
				350A08D42A06583A00C55723 /* ViewControllers */,
				350A08D52A06584400C55723 /* Storyboards */,
				350A08D92A06588E00C55723 /* Resources */,
				350A08D82A06586F00C55723 /* Models */,
				35B0D1462A0B8DD0000CFAC5 /* Views */,
				35B0D14B2A0BA6FE000CFAC5 /* Services */,
			);
			path = "HarryPotter-JSON";
			sourceTree = "<group>";
		};
		350A08D32A06583100C55723 /* App */ = {
			isa = PBXGroup;
			children = (
				350A08BF2A06580600C55723 /* AppDelegate.swift */,
				350A08C12A06580600C55723 /* SceneDelegate.swift */,
				350A08CD2A06580800C55723 /* Info.plist */,
			);
			path = App;
			sourceTree = "<group>";
		};
		350A08D42A06583A00C55723 /* ViewControllers */ = {
			isa = PBXGroup;
			children = (
				350A08C32A06580600C55723 /* MainViewController.swift */,
				35B0D1472A0B902D000CFAC5 /* AllCharactersTableViewController.swift */,
			);
			path = ViewControllers;
			sourceTree = "<group>";
		};
		350A08D52A06584400C55723 /* Storyboards */ = {
			isa = PBXGroup;
			children = (
				350A08C52A06580600C55723 /* Main.storyboard */,
				350A08CA2A06580800C55723 /* LaunchScreen.storyboard */,
			);
			path = Storyboards;
			sourceTree = "<group>";
		};
		350A08D82A06586F00C55723 /* Models */ = {
			isa = PBXGroup;
			children = (
				350A08D62A06586600C55723 /* Character.swift */,
			);
			path = Models;
			sourceTree = "<group>";
		};
		350A08D92A06588E00C55723 /* Resources */ = {
			isa = PBXGroup;
			children = (
				350A08C82A06580800C55723 /* Assets.xcassets */,
			);
			path = Resources;
			sourceTree = "<group>";
		};
		35B0D1462A0B8DD0000CFAC5 /* Views */ = {
			isa = PBXGroup;
			children = (
				35B0D1442A0B8DCB000CFAC5 /* CharacterInfoCell.swift */,
			);
			path = Views;
			sourceTree = "<group>";
		};
		35B0D14B2A0BA6FE000CFAC5 /* Services */ = {
			isa = PBXGroup;
			children = (
				35B0D1492A0BA6F5000CFAC5 /* NetworkManager.swift */,
			);
			path = Services;
			sourceTree = "<group>";
		};
/* End PBXGroup section */

/* Begin PBXNativeTarget section */
		350A08BB2A06580600C55723 /* HarryPotter-JSON */ = {
			isa = PBXNativeTarget;
			buildConfigurationList = 350A08D02A06580800C55723 /* Build configuration list for PBXNativeTarget "HarryPotter-JSON" */;
			buildPhases = (
				350A08B82A06580600C55723 /* Sources */,
				350A08B92A06580600C55723 /* Frameworks */,
				350A08BA2A06580600C55723 /* Resources */,
			);
			buildRules = (
			);
			dependencies = (
			);
			name = "HarryPotter-JSON";
			packageProductDependencies = (
				356FF2712A102D99007B5674 /* Alamofire */,
			);
			productName = "HarryPotter-JSON";
			productReference = 350A08BC2A06580600C55723 /* HarryPotter-JSON.app */;
			productType = "com.apple.product-type.application";
		};
/* End PBXNativeTarget section */

/* Begin PBXProject section */
		350A08B42A06580500C55723 /* Project object */ = {
			isa = PBXProject;
			attributes = {
				BuildIndependentTargetsInParallel = 1;
				LastSwiftUpdateCheck = 1420;
				LastUpgradeCheck = 1420;
				TargetAttributes = {
					350A08BB2A06580600C55723 = {
						CreatedOnToolsVersion = 14.2;
					};
				};
			};
			buildConfigurationList = 350A08B72A06580500C55723 /* Build configuration list for PBXProject "HarryPotter-JSON" */;
			compatibilityVersion = "Xcode 14.0";
			developmentRegion = en;
			hasScannedForEncodings = 0;
			knownRegions = (
				en,
				Base,
			);
			mainGroup = 350A08B32A06580500C55723;
			packageReferences = (
				356FF2702A102D99007B5674 /* XCRemoteSwiftPackageReference "Alamofire" */,
			);
			productRefGroup = 350A08BD2A06580600C55723 /* Products */;
			projectDirPath = "";
			projectRoot = "";
			targets = (
				350A08BB2A06580600C55723 /* HarryPotter-JSON */,
			);
		};
/* End PBXProject section */

/* Begin PBXResourcesBuildPhase section */
		350A08BA2A06580600C55723 /* Resources */ = {
			isa = PBXResourcesBuildPhase;
			buildActionMask = 2147483647;
			files = (
				350A08CC2A06580800C55723 /* LaunchScreen.storyboard in Resources */,
				350A08C92A06580800C55723 /* Assets.xcassets in Resources */,
				350A08C72A06580600C55723 /* Main.storyboard in Resources */,
			);
			runOnlyForDeploymentPostprocessing = 0;
		};
/* End PBXResourcesBuildPhase section */

/* Begin PBXSourcesBuildPhase section */
		350A08B82A06580600C55723 /* Sources */ = {
			isa = PBXSourcesBuildPhase;
			buildActionMask = 2147483647;
			files = (
				35B0D1452A0B8DCB000CFAC5 /* CharacterInfoCell.swift in Sources */,
				350A08C42A06580600C55723 /* MainViewController.swift in Sources */,
				350A08C02A06580600C55723 /* AppDelegate.swift in Sources */,
				35B0D14A2A0BA6F5000CFAC5 /* NetworkManager.swift in Sources */,
				350A08C22A06580600C55723 /* SceneDelegate.swift in Sources */,
				350A08D72A06586600C55723 /* Character.swift in Sources */,
				35B0D1482A0B902D000CFAC5 /* AllCharactersTableViewController.swift in Sources */,
			);
			runOnlyForDeploymentPostprocessing = 0;
		};
/* End PBXSourcesBuildPhase section */

/* Begin PBXVariantGroup section */
		350A08C52A06580600C55723 /* Main.storyboard */ = {
			isa = PBXVariantGroup;
			children = (
				350A08C62A06580600C55723 /* Base */,
			);
			name = Main.storyboard;
			sourceTree = "<group>";
		};
		350A08CA2A06580800C55723 /* LaunchScreen.storyboard */ = {
			isa = PBXVariantGroup;
			children = (
				350A08CB2A06580800C55723 /* Base */,
			);
			name = LaunchScreen.storyboard;
			sourceTree = "<group>";
		};
/* End PBXVariantGroup section */

/* Begin XCBuildConfiguration section */
		350A08CE2A06580800C55723 /* Debug */ = {
			isa = XCBuildConfiguration;
			buildSettings = {
				ALWAYS_SEARCH_USER_PATHS = NO;
				CLANG_ANALYZER_NONNULL = YES;
				CLANG_ANALYZER_NUMBER_OBJECT_CONVERSION = YES_AGGRESSIVE;
				CLANG_CXX_LANGUAGE_STANDARD = "gnu++20";
				CLANG_ENABLE_MODULES = YES;
				CLANG_ENABLE_OBJC_ARC = YES;
				CLANG_ENABLE_OBJC_WEAK = YES;
				CLANG_WARN_BLOCK_CAPTURE_AUTORELEASING = YES;
				CLANG_WARN_BOOL_CONVERSION = YES;
				CLANG_WARN_COMMA = YES;
				CLANG_WARN_CONSTANT_CONVERSION = YES;
				CLANG_WARN_DEPRECATED_OBJC_IMPLEMENTATIONS = YES;
				CLANG_WARN_DIRECT_OBJC_ISA_USAGE = YES_ERROR;
				CLANG_WARN_DOCUMENTATION_COMMENTS = YES;
				CLANG_WARN_EMPTY_BODY = YES;
				CLANG_WARN_ENUM_CONVERSION = YES;
				CLANG_WARN_INFINITE_RECURSION = YES;
				CLANG_WARN_INT_CONVERSION = YES;
				CLANG_WARN_NON_LITERAL_NULL_CONVERSION = YES;
				CLANG_WARN_OBJC_IMPLICIT_RETAIN_SELF = YES;
				CLANG_WARN_OBJC_LITERAL_CONVERSION = YES;
				CLANG_WARN_OBJC_ROOT_CLASS = YES_ERROR;
				CLANG_WARN_QUOTED_INCLUDE_IN_FRAMEWORK_HEADER = YES;
				CLANG_WARN_RANGE_LOOP_ANALYSIS = YES;
				CLANG_WARN_STRICT_PROTOTYPES = YES;
				CLANG_WARN_SUSPICIOUS_MOVE = YES;
				CLANG_WARN_UNGUARDED_AVAILABILITY = YES_AGGRESSIVE;
				CLANG_WARN_UNREACHABLE_CODE = YES;
				CLANG_WARN__DUPLICATE_METHOD_MATCH = YES;
				COPY_PHASE_STRIP = NO;
				DEBUG_INFORMATION_FORMAT = dwarf;
				ENABLE_STRICT_OBJC_MSGSEND = YES;
				ENABLE_TESTABILITY = YES;
				GCC_C_LANGUAGE_STANDARD = gnu11;
				GCC_DYNAMIC_NO_PIC = NO;
				GCC_NO_COMMON_BLOCKS = YES;
				GCC_OPTIMIZATION_LEVEL = 0;
				GCC_PREPROCESSOR_DEFINITIONS = (
					"DEBUG=1",
					"$(inherited)",
				);
				GCC_WARN_64_TO_32_BIT_CONVERSION = YES;
				GCC_WARN_ABOUT_RETURN_TYPE = YES_ERROR;
				GCC_WARN_UNDECLARED_SELECTOR = YES;
				GCC_WARN_UNINITIALIZED_AUTOS = YES_AGGRESSIVE;
				GCC_WARN_UNUSED_FUNCTION = YES;
				GCC_WARN_UNUSED_VARIABLE = YES;
				IPHONEOS_DEPLOYMENT_TARGET = 16.2;
				MTL_ENABLE_DEBUG_INFO = INCLUDE_SOURCE;
				MTL_FAST_MATH = YES;
				ONLY_ACTIVE_ARCH = YES;
				SDKROOT = iphoneos;
				SWIFT_ACTIVE_COMPILATION_CONDITIONS = DEBUG;
				SWIFT_OPTIMIZATION_LEVEL = "-Onone";
			};
			name = Debug;
		};
		350A08CF2A06580800C55723 /* Release */ = {
			isa = XCBuildConfiguration;
			buildSettings = {
				ALWAYS_SEARCH_USER_PATHS = NO;
				CLANG_ANALYZER_NONNULL = YES;
				CLANG_ANALYZER_NUMBER_OBJECT_CONVERSION = YES_AGGRESSIVE;
				CLANG_CXX_LANGUAGE_STANDARD = "gnu++20";
				CLANG_ENABLE_MODULES = YES;
				CLANG_ENABLE_OBJC_ARC = YES;
				CLANG_ENABLE_OBJC_WEAK = YES;
				CLANG_WARN_BLOCK_CAPTURE_AUTORELEASING = YES;
				CLANG_WARN_BOOL_CONVERSION = YES;
				CLANG_WARN_COMMA = YES;
				CLANG_WARN_CONSTANT_CONVERSION = YES;
				CLANG_WARN_DEPRECATED_OBJC_IMPLEMENTATIONS = YES;
				CLANG_WARN_DIRECT_OBJC_ISA_USAGE = YES_ERROR;
				CLANG_WARN_DOCUMENTATION_COMMENTS = YES;
				CLANG_WARN_EMPTY_BODY = YES;
				CLANG_WARN_ENUM_CONVERSION = YES;
				CLANG_WARN_INFINITE_RECURSION = YES;
				CLANG_WARN_INT_CONVERSION = YES;
				CLANG_WARN_NON_LITERAL_NULL_CONVERSION = YES;
				CLANG_WARN_OBJC_IMPLICIT_RETAIN_SELF = YES;
				CLANG_WARN_OBJC_LITERAL_CONVERSION = YES;
				CLANG_WARN_OBJC_ROOT_CLASS = YES_ERROR;
				CLANG_WARN_QUOTED_INCLUDE_IN_FRAMEWORK_HEADER = YES;
				CLANG_WARN_RANGE_LOOP_ANALYSIS = YES;
				CLANG_WARN_STRICT_PROTOTYPES = YES;
				CLANG_WARN_SUSPICIOUS_MOVE = YES;
				CLANG_WARN_UNGUARDED_AVAILABILITY = YES_AGGRESSIVE;
				CLANG_WARN_UNREACHABLE_CODE = YES;
				CLANG_WARN__DUPLICATE_METHOD_MATCH = YES;
				COPY_PHASE_STRIP = NO;
				DEBUG_INFORMATION_FORMAT = "dwarf-with-dsym";
				ENABLE_NS_ASSERTIONS = NO;
				ENABLE_STRICT_OBJC_MSGSEND = YES;
				GCC_C_LANGUAGE_STANDARD = gnu11;
				GCC_NO_COMMON_BLOCKS = YES;
				GCC_WARN_64_TO_32_BIT_CONVERSION = YES;
				GCC_WARN_ABOUT_RETURN_TYPE = YES_ERROR;
				GCC_WARN_UNDECLARED_SELECTOR = YES;
				GCC_WARN_UNINITIALIZED_AUTOS = YES_AGGRESSIVE;
				GCC_WARN_UNUSED_FUNCTION = YES;
				GCC_WARN_UNUSED_VARIABLE = YES;
				IPHONEOS_DEPLOYMENT_TARGET = 16.2;
				MTL_ENABLE_DEBUG_INFO = NO;
				MTL_FAST_MATH = YES;
				SDKROOT = iphoneos;
				SWIFT_COMPILATION_MODE = wholemodule;
				SWIFT_OPTIMIZATION_LEVEL = "-O";
				VALIDATE_PRODUCT = YES;
			};
			name = Release;
		};
		350A08D12A06580800C55723 /* Debug */ = {
			isa = XCBuildConfiguration;
			buildSettings = {
				ASSETCATALOG_COMPILER_APPICON_NAME = AppIcon;
				ASSETCATALOG_COMPILER_GLOBAL_ACCENT_COLOR_NAME = AccentColor;
				CODE_SIGN_STYLE = Automatic;
				CURRENT_PROJECT_VERSION = 1;
				DEVELOPMENT_TEAM = XZW4VA4NWF;
				GENERATE_INFOPLIST_FILE = YES;
				INFOPLIST_FILE = "HarryPotter-JSON/App/Info.plist";
				INFOPLIST_KEY_UIApplicationSupportsIndirectInputEvents = YES;
				INFOPLIST_KEY_UILaunchStoryboardName = LaunchScreen;
				INFOPLIST_KEY_UIMainStoryboardFile = Main;
				INFOPLIST_KEY_UISupportedInterfaceOrientations = UIInterfaceOrientationPortrait;
				INFOPLIST_KEY_UISupportedInterfaceOrientations_iPad = "UIInterfaceOrientationLandscapeLeft UIInterfaceOrientationLandscapeRight UIInterfaceOrientationPortrait UIInterfaceOrientationPortraitUpsideDown";
				LD_RUNPATH_SEARCH_PATHS = (
					"$(inherited)",
					"@executable_path/Frameworks",
				);
				MARKETING_VERSION = 1.0;
				PRODUCT_BUNDLE_IDENTIFIER = "kz.zaki.HarryPotter-JSON";
				PRODUCT_NAME = "$(TARGET_NAME)";
				SUPPORTED_PLATFORMS = "iphoneos iphonesimulator";
				SUPPORTS_MACCATALYST = NO;
				SUPPORTS_MAC_DESIGNED_FOR_IPHONE_IPAD = NO;
				SWIFT_EMIT_LOC_STRINGS = YES;
				SWIFT_VERSION = 5.0;
				TARGETED_DEVICE_FAMILY = 1;
			};
			name = Debug;
		};
		350A08D22A06580800C55723 /* Release */ = {
			isa = XCBuildConfiguration;
			buildSettings = {
				ASSETCATALOG_COMPILER_APPICON_NAME = AppIcon;
				ASSETCATALOG_COMPILER_GLOBAL_ACCENT_COLOR_NAME = AccentColor;
				CODE_SIGN_STYLE = Automatic;
				CURRENT_PROJECT_VERSION = 1;
				DEVELOPMENT_TEAM = XZW4VA4NWF;
				GENERATE_INFOPLIST_FILE = YES;
				INFOPLIST_FILE = "HarryPotter-JSON/App/Info.plist";
				INFOPLIST_KEY_UIApplicationSupportsIndirectInputEvents = YES;
				INFOPLIST_KEY_UILaunchStoryboardName = LaunchScreen;
				INFOPLIST_KEY_UIMainStoryboardFile = Main;
				INFOPLIST_KEY_UISupportedInterfaceOrientations = UIInterfaceOrientationPortrait;
				INFOPLIST_KEY_UISupportedInterfaceOrientations_iPad = "UIInterfaceOrientationLandscapeLeft UIInterfaceOrientationLandscapeRight UIInterfaceOrientationPortrait UIInterfaceOrientationPortraitUpsideDown";
				LD_RUNPATH_SEARCH_PATHS = (
					"$(inherited)",
					"@executable_path/Frameworks",
				);
				MARKETING_VERSION = 1.0;
				PRODUCT_BUNDLE_IDENTIFIER = "kz.zaki.HarryPotter-JSON";
				PRODUCT_NAME = "$(TARGET_NAME)";
				SUPPORTED_PLATFORMS = "iphoneos iphonesimulator";
				SUPPORTS_MACCATALYST = NO;
				SUPPORTS_MAC_DESIGNED_FOR_IPHONE_IPAD = NO;
				SWIFT_EMIT_LOC_STRINGS = YES;
				SWIFT_VERSION = 5.0;
				TARGETED_DEVICE_FAMILY = 1;
			};
			name = Release;
		};
/* End XCBuildConfiguration section */

/* Begin XCConfigurationList section */
		350A08B72A06580500C55723 /* Build configuration list for PBXProject "HarryPotter-JSON" */ = {
			isa = XCConfigurationList;
			buildConfigurations = (
				350A08CE2A06580800C55723 /* Debug */,
				350A08CF2A06580800C55723 /* Release */,
			);
			defaultConfigurationIsVisible = 0;
			defaultConfigurationName = Release;
		};
		350A08D02A06580800C55723 /* Build configuration list for PBXNativeTarget "HarryPotter-JSON" */ = {
			isa = XCConfigurationList;
			buildConfigurations = (
				350A08D12A06580800C55723 /* Debug */,
				350A08D22A06580800C55723 /* Release */,
			);
			defaultConfigurationIsVisible = 0;
			defaultConfigurationName = Release;
		};
/* End XCConfigurationList section */

/* Begin XCRemoteSwiftPackageReference section */
		356FF2702A102D99007B5674 /* XCRemoteSwiftPackageReference "Alamofire" */ = {
			isa = XCRemoteSwiftPackageReference;
			repositoryURL = "https://github.com/Alamofire/Alamofire.git";
			requirement = {
				kind = exactVersion;
				version = 5.0.0;
			};
		};
/* End XCRemoteSwiftPackageReference section */

/* Begin XCSwiftPackageProductDependency section */
		356FF2712A102D99007B5674 /* Alamofire */ = {
			isa = XCSwiftPackageProductDependency;
			package = 356FF2702A102D99007B5674 /* XCRemoteSwiftPackageReference "Alamofire" */;
			productName = Alamofire;
		};
/* End XCSwiftPackageProductDependency section */
	};
	rootObject = 350A08B42A06580500C55723 /* Project object */;
}
